
Microsoft Visual Studio Solution File, Format Version 12.00
# Visual Studio Version 17
VisualStudioVersion = 17.7.34202.233
MinimumVisualStudioVersion = 10.0.40219.1
Project("{8BC9CEB8-8B4A-11D0-8D11-00A0C91BC942}") = "lab6.4rek", "lab6.4rek\lab6.4rek.vcxproj", "{D572F635-DFDE-47F9-A2D1-B1AAA4184D7C}"
EndProject
Project("{8BC9CEB8-8B4A-11D0-8D11-00A0C91BC942}") = "UnitTest6.4rek", "UnitTest6.4rek\UnitTest6.4rek.vcxproj", "{7E5A1B40-F93A-4218-8D82-7950A638B2C9}"
EndProject
Global
	GlobalSection(SolutionConfigurationPlatforms) = preSolution
		Debug|x64 = Debug|x64
		Debug|x86 = Debug|x86
		Release|x64 = Release|x64
		Release|x86 = Release|x86
	EndGlobalSection
	GlobalSection(ProjectConfigurationPlatforms) = postSolution
		{D572F635-DFDE-47F9-A2D1-B1AAA4184D7C}.Debug|x64.ActiveCfg = Debug|x64
		{D572F635-DFDE-47F9-A2D1-B1AAA4184D7C}.Debug|x64.Build.0 = Debug|x64
		{D572F635-DFDE-47F9-A2D1-B1AAA4184D7C}.Debug|x86.ActiveCfg = Debug|Win32
		{D572F635-DFDE-47F9-A2D1-B1AAA4184D7C}.Debug|x86.Build.0 = Debug|Win32
		{D572F635-DFDE-47F9-A2D1-B1AAA4184D7C}.Release|x64.ActiveCfg = Release|x64
		{D572F635-DFDE-47F9-A2D1-B1AAA4184D7C}.Release|x64.Build.0 = Release|x64
		{D572F635-DFDE-47F9-A2D1-B1AAA4184D7C}.Release|x86.ActiveCfg = Release|Win32
		{D572F635-DFDE-47F9-A2D1-B1AAA4184D7C}.Release|x86.Build.0 = Release|Win32
		{7E5A1B40-F93A-4218-8D82-7950A638B2C9}.Debug|x64.ActiveCfg = Debug|x64
		{7E5A1B40-F93A-4218-8D82-7950A638B2C9}.Debug|x64.Build.0 = Debug|x64
		{7E5A1B40-F93A-4218-8D82-7950A638B2C9}.Debug|x86.ActiveCfg = Debug|Win32
		{7E5A1B40-F93A-4218-8D82-7950A638B2C9}.Debug|x86.Build.0 = Debug|Win32
		{7E5A1B40-F93A-4218-8D82-7950A638B2C9}.Release|x64.ActiveCfg = Release|x64
		{7E5A1B40-F93A-4218-8D82-7950A638B2C9}.Release|x64.Build.0 = Release|x64
		{7E5A1B40-F93A-4218-8D82-7950A638B2C9}.Release|x86.ActiveCfg = Release|Win32
		{7E5A1B40-F93A-4218-8D82-7950A638B2C9}.Release|x86.Build.0 = Release|Win32
	EndGlobalSection
	GlobalSection(SolutionProperties) = preSolution
		HideSolutionNode = FALSE
	EndGlobalSection
	GlobalSection(ExtensibilityGlobals) = postSolution
		SolutionGuid = {8E6554D0-FC77-473F-A3D3-2174814E9368}
	EndGlobalSection
EndGlobal
